
Microsoft Visual Studio Solution File, Format Version 12.00
# Visual Studio Version 17
VisualStudioVersion = 17.0.31903.59
MinimumVisualStudioVersion = 10.0.40219.1
Project("{2150E333-8FDC-42A3-9474-1A3956D46DE8}") = "src", "src", "{827E0CD3-B72D-47B6-A68D-7590B98EB39B}"
EndProject
Project("{FAE04EC0-301F-11D3-BF4B-00C04F79EFBC}") = "SEOStore.Web", "src\SEOStore.Web\SEOStore.Web.csproj", "{F84FF1A3-ADF8-4F54-9654-25444D0677EF}"
EndProject
Project("{FAE04EC0-301F-11D3-BF4B-00C04F79EFBC}") = "SEOStore.Domain", "src\SEOStore.Domain\SEOStore.Domain.csproj", "{389A68F2-3849-49DD-A5FE-98FB667B13E6}"
EndProject
Project("{FAE04EC0-301F-11D3-BF4B-00C04F79EFBC}") = "SEOStore.Application", "src\SEOStore.Application\SEOStore.Application.csproj", "{CE5C442E-205D-4CBF-AAB3-C9CB39E16C65}"
EndProject
Project("{FAE04EC0-301F-11D3-BF4B-00C04F79EFBC}") = "SEOStore.Infrastructure", "src\SEOStore.Infrastructure\SEOStore.Infrastructure.csproj", "{8B818D4C-EB56-42F1-8E1D-38C6AED97B06}"
	ProjectSection(ProjectDependencies) = postProject
		{389A68F2-3849-49DD-A5FE-98FB667B13E6} = {389A68F2-3849-49DD-A5FE-98FB667B13E6}
	EndProjectSection
EndProject
Project("{FAE04EC0-301F-11D3-BF4B-00C04F79EFBC}") = "SEOStore.Shared", "src\SEOStore.Shared\SEOStore.Shared.csproj", "{5AAE2477-20BF-4765-BE4C-ED2951163546}"
EndProject
Global
	GlobalSection(SolutionConfigurationPlatforms) = preSolution
		Debug|Any CPU = Debug|Any CPU
		Debug|x64 = Debug|x64
		Debug|x86 = Debug|x86
		Release|Any CPU = Release|Any CPU
		Release|x64 = Release|x64
		Release|x86 = Release|x86
	EndGlobalSection
	GlobalSection(ProjectConfigurationPlatforms) = postSolution
		{F84FF1A3-ADF8-4F54-9654-25444D0677EF}.Debug|Any CPU.ActiveCfg = Debug|Any CPU
		{F84FF1A3-ADF8-4F54-9654-25444D0677EF}.Debug|Any CPU.Build.0 = Debug|Any CPU
		{F84FF1A3-ADF8-4F54-9654-25444D0677EF}.Debug|x64.ActiveCfg = Debug|Any CPU
		{F84FF1A3-ADF8-4F54-9654-25444D0677EF}.Debug|x64.Build.0 = Debug|Any CPU
		{F84FF1A3-ADF8-4F54-9654-25444D0677EF}.Debug|x86.ActiveCfg = Debug|Any CPU
		{F84FF1A3-ADF8-4F54-9654-25444D0677EF}.Debug|x86.Build.0 = Debug|Any CPU
		{F84FF1A3-ADF8-4F54-9654-25444D0677EF}.Release|Any CPU.ActiveCfg = Release|Any CPU
		{F84FF1A3-ADF8-4F54-9654-25444D0677EF}.Release|Any CPU.Build.0 = Release|Any CPU
		{F84FF1A3-ADF8-4F54-9654-25444D0677EF}.Release|x64.ActiveCfg = Release|Any CPU
		{F84FF1A3-ADF8-4F54-9654-25444D0677EF}.Release|x64.Build.0 = Release|Any CPU
		{F84FF1A3-ADF8-4F54-9654-25444D0677EF}.Release|x86.ActiveCfg = Release|Any CPU
		{F84FF1A3-ADF8-4F54-9654-25444D0677EF}.Release|x86.Build.0 = Release|Any CPU
		{389A68F2-3849-49DD-A5FE-98FB667B13E6}.Debug|Any CPU.ActiveCfg = Debug|Any CPU
		{389A68F2-3849-49DD-A5FE-98FB667B13E6}.Debug|Any CPU.Build.0 = Debug|Any CPU
		{389A68F2-3849-49DD-A5FE-98FB667B13E6}.Debug|x64.ActiveCfg = Debug|Any CPU
		{389A68F2-3849-49DD-A5FE-98FB667B13E6}.Debug|x64.Build.0 = Debug|Any CPU
		{389A68F2-3849-49DD-A5FE-98FB667B13E6}.Debug|x86.ActiveCfg = Debug|Any CPU
		{389A68F2-3849-49DD-A5FE-98FB667B13E6}.Debug|x86.Build.0 = Debug|Any CPU
		{389A68F2-3849-49DD-A5FE-98FB667B13E6}.Release|Any CPU.ActiveCfg = Release|Any CPU
		{389A68F2-3849-49DD-A5FE-98FB667B13E6}.Release|Any CPU.Build.0 = Release|Any CPU
		{389A68F2-3849-49DD-A5FE-98FB667B13E6}.Release|x64.ActiveCfg = Release|Any CPU
		{389A68F2-3849-49DD-A5FE-98FB667B13E6}.Release|x64.Build.0 = Release|Any CPU
		{389A68F2-3849-49DD-A5FE-98FB667B13E6}.Release|x86.ActiveCfg = Release|Any CPU
		{389A68F2-3849-49DD-A5FE-98FB667B13E6}.Release|x86.Build.0 = Release|Any CPU
		{CE5C442E-205D-4CBF-AAB3-C9CB39E16C65}.Debug|Any CPU.ActiveCfg = Debug|Any CPU
		{CE5C442E-205D-4CBF-AAB3-C9CB39E16C65}.Debug|Any CPU.Build.0 = Debug|Any CPU
		{CE5C442E-205D-4CBF-AAB3-C9CB39E16C65}.Debug|x64.ActiveCfg = Debug|Any CPU
		{CE5C442E-205D-4CBF-AAB3-C9CB39E16C65}.Debug|x64.Build.0 = Debug|Any CPU
		{CE5C442E-205D-4CBF-AAB3-C9CB39E16C65}.Debug|x86.ActiveCfg = Debug|Any CPU
		{CE5C442E-205D-4CBF-AAB3-C9CB39E16C65}.Debug|x86.Build.0 = Debug|Any CPU
		{CE5C442E-205D-4CBF-AAB3-C9CB39E16C65}.Release|Any CPU.ActiveCfg = Release|Any CPU
		{CE5C442E-205D-4CBF-AAB3-C9CB39E16C65}.Release|Any CPU.Build.0 = Release|Any CPU
		{CE5C442E-205D-4CBF-AAB3-C9CB39E16C65}.Release|x64.ActiveCfg = Release|Any CPU
		{CE5C442E-205D-4CBF-AAB3-C9CB39E16C65}.Release|x64.Build.0 = Release|Any CPU
		{CE5C442E-205D-4CBF-AAB3-C9CB39E16C65}.Release|x86.ActiveCfg = Release|Any CPU
		{CE5C442E-205D-4CBF-AAB3-C9CB39E16C65}.Release|x86.Build.0 = Release|Any CPU
		{8B818D4C-EB56-42F1-8E1D-38C6AED97B06}.Debug|Any CPU.ActiveCfg = Debug|Any CPU
		{8B818D4C-EB56-42F1-8E1D-38C6AED97B06}.Debug|Any CPU.Build.0 = Debug|Any CPU
		{8B818D4C-EB56-42F1-8E1D-38C6AED97B06}.Debug|x64.ActiveCfg = Debug|Any CPU
		{8B818D4C-EB56-42F1-8E1D-38C6AED97B06}.Debug|x64.Build.0 = Debug|Any CPU
		{8B818D4C-EB56-42F1-8E1D-38C6AED97B06}.Debug|x86.ActiveCfg = Debug|Any CPU
		{8B818D4C-EB56-42F1-8E1D-38C6AED97B06}.Debug|x86.Build.0 = Debug|Any CPU
		{8B818D4C-EB56-42F1-8E1D-38C6AED97B06}.Release|Any CPU.ActiveCfg = Release|Any CPU
		{8B818D4C-EB56-42F1-8E1D-38C6AED97B06}.Release|Any CPU.Build.0 = Release|Any CPU
		{8B818D4C-EB56-42F1-8E1D-38C6AED97B06}.Release|x64.ActiveCfg = Release|Any CPU
		{8B818D4C-EB56-42F1-8E1D-38C6AED97B06}.Release|x64.Build.0 = Release|Any CPU
		{8B818D4C-EB56-42F1-8E1D-38C6AED97B06}.Release|x86.ActiveCfg = Release|Any CPU
		{8B818D4C-EB56-42F1-8E1D-38C6AED97B06}.Release|x86.Build.0 = Release|Any CPU
		{5AAE2477-20BF-4765-BE4C-ED2951163546}.Debug|Any CPU.ActiveCfg = Debug|Any CPU
		{5AAE2477-20BF-4765-BE4C-ED2951163546}.Debug|Any CPU.Build.0 = Debug|Any CPU
		{5AAE2477-20BF-4765-BE4C-ED2951163546}.Debug|x64.ActiveCfg = Debug|Any CPU
		{5AAE2477-20BF-4765-BE4C-ED2951163546}.Debug|x64.Build.0 = Debug|Any CPU
		{5AAE2477-20BF-4765-BE4C-ED2951163546}.Debug|x86.ActiveCfg = Debug|Any CPU
		{5AAE2477-20BF-4765-BE4C-ED2951163546}.Debug|x86.Build.0 = Debug|Any CPU
		{5AAE2477-20BF-4765-BE4C-ED2951163546}.Release|Any CPU.ActiveCfg = Release|Any CPU
		{5AAE2477-20BF-4765-BE4C-ED2951163546}.Release|Any CPU.Build.0 = Release|Any CPU
		{5AAE2477-20BF-4765-BE4C-ED2951163546}.Release|x64.ActiveCfg = Release|Any CPU
		{5AAE2477-20BF-4765-BE4C-ED2951163546}.Release|x64.Build.0 = Release|Any CPU
		{5AAE2477-20BF-4765-BE4C-ED2951163546}.Release|x86.ActiveCfg = Release|Any CPU
		{5AAE2477-20BF-4765-BE4C-ED2951163546}.Release|x86.Build.0 = Release|Any CPU
	EndGlobalSection
	GlobalSection(SolutionProperties) = preSolution
		HideSolutionNode = FALSE
	EndGlobalSection
	GlobalSection(NestedProjects) = preSolution
		{F84FF1A3-ADF8-4F54-9654-25444D0677EF} = {827E0CD3-B72D-47B6-A68D-7590B98EB39B}
		{389A68F2-3849-49DD-A5FE-98FB667B13E6} = {827E0CD3-B72D-47B6-A68D-7590B98EB39B}
		{CE5C442E-205D-4CBF-AAB3-C9CB39E16C65} = {827E0CD3-B72D-47B6-A68D-7590B98EB39B}
		{8B818D4C-EB56-42F1-8E1D-38C6AED97B06} = {827E0CD3-B72D-47B6-A68D-7590B98EB39B}
		{5AAE2477-20BF-4765-BE4C-ED2951163546} = {827E0CD3-B72D-47B6-A68D-7590B98EB39B}
	EndGlobalSection
EndGlobal
